// !$*UTF8*$!
{
	archiveVersion = 1;
	classes = {
	};
	objectVersion = 48;
	objects = {

/* Begin PBXBuildFile section */
		619DED631FD8EEF900F6D9A1 /* AppDelegate.m in Sources */ = {isa = PBXBuildFile; fileRef = 619DED621FD8EEF900F6D9A1 /* AppDelegate.m */; };
		619DED661FD8EEF900F6D9A1 /* ViewController.m in Sources */ = {isa = PBXBuildFile; fileRef = 619DED651FD8EEF900F6D9A1 /* ViewController.m */; };
		619DED691FD8EEF900F6D9A1 /* Main.storyboard in Resources */ = {isa = PBXBuildFile; fileRef = 619DED671FD8EEF900F6D9A1 /* Main.storyboard */; };
		619DED6C1FD8EEF900F6D9A1 /* czDemo.xcdatamodeld in Sources */ = {isa = PBXBuildFile; fileRef = 619DED6A1FD8EEF900F6D9A1 /* czDemo.xcdatamodeld */; };
		619DED6E1FD8EEF900F6D9A1 /* Assets.xcassets in Resources */ = {isa = PBXBuildFile; fileRef = 619DED6D1FD8EEF900F6D9A1 /* Assets.xcassets */; };
		619DED711FD8EEF900F6D9A1 /* LaunchScreen.storyboard in Resources */ = {isa = PBXBuildFile; fileRef = 619DED6F1FD8EEF900F6D9A1 /* LaunchScreen.storyboard */; };
		619DED741FD8EEF900F6D9A1 /* main.m in Sources */ = {isa = PBXBuildFile; fileRef = 619DED731FD8EEF900F6D9A1 /* main.m */; };
		619DED7E1FD8EEFA00F6D9A1 /* czDemoTests.m in Sources */ = {isa = PBXBuildFile; fileRef = 619DED7D1FD8EEFA00F6D9A1 /* czDemoTests.m */; };
		619DED891FD8EEFA00F6D9A1 /* czDemoUITests.m in Sources */ = {isa = PBXBuildFile; fileRef = 619DED881FD8EEFA00F6D9A1 /* czDemoUITests.m */; };
		619DED981FD8EF9E00F6D9A1 /* GCDDemo.m in Sources */ = {isa = PBXBuildFile; fileRef = 619DED971FD8EF9E00F6D9A1 /* GCDDemo.m */; };
/* End PBXBuildFile section */

/* Begin PBXContainerItemProxy section */
		619DED7A1FD8EEFA00F6D9A1 /* PBXContainerItemProxy */ = {
			isa = PBXContainerItemProxy;
			containerPortal = 619DED561FD8EEF900F6D9A1 /* Project object */;
			proxyType = 1;
			remoteGlobalIDString = 619DED5D1FD8EEF900F6D9A1;
			remoteInfo = czDemo;
		};
		619DED851FD8EEFA00F6D9A1 /* PBXContainerItemProxy */ = {
			isa = PBXContainerItemProxy;
			containerPortal = 619DED561FD8EEF900F6D9A1 /* Project object */;
			proxyType = 1;
			remoteGlobalIDString = 619DED5D1FD8EEF900F6D9A1;
			remoteInfo = czDemo;
		};
/* End PBXContainerItemProxy section */

/* Begin PBXFileReference section */
		619DED5E1FD8EEF900F6D9A1 /* czDemo.app */ = {isa = PBXFileReference; explicitFileType = wrapper.application; includeInIndex = 0; path = czDemo.app; sourceTree = BUILT_PRODUCTS_DIR; };
		619DED611FD8EEF900F6D9A1 /* AppDelegate.h */ = {isa = PBXFileReference; lastKnownFileType = sourcecode.c.h; path = AppDelegate.h; sourceTree = "<group>"; };
		619DED621FD8EEF900F6D9A1 /* AppDelegate.m */ = {isa = PBXFileReference; lastKnownFileType = sourcecode.c.objc; path = AppDelegate.m; sourceTree = "<group>"; };
		619DED641FD8EEF900F6D9A1 /* ViewController.h */ = {isa = PBXFileReference; lastKnownFileType = sourcecode.c.h; path = ViewController.h; sourceTree = "<group>"; };
		619DED651FD8EEF900F6D9A1 /* ViewController.m */ = {isa = PBXFileReference; lastKnownFileType = sourcecode.c.objc; path = ViewController.m; sourceTree = "<group>"; };
		619DED681FD8EEF900F6D9A1 /* Base */ = {isa = PBXFileReference; lastKnownFileType = file.storyboard; name = Base; path = Base.lproj/Main.storyboard; sourceTree = "<group>"; };
		619DED6B1FD8EEF900F6D9A1 /* czDemo.xcdatamodel */ = {isa = PBXFileReference; lastKnownFileType = wrapper.xcdatamodel; path = czDemo.xcdatamodel; sourceTree = "<group>"; };
		619DED6D1FD8EEF900F6D9A1 /* Assets.xcassets */ = {isa = PBXFileReference; lastKnownFileType = folder.assetcatalog; path = Assets.xcassets; sourceTree = "<group>"; };
		619DED701FD8EEF900F6D9A1 /* Base */ = {isa = PBXFileReference; lastKnownFileType = file.storyboard; name = Base; path = Base.lproj/LaunchScreen.storyboard; sourceTree = "<group>"; };
		619DED721FD8EEF900F6D9A1 /* Info.plist */ = {isa = PBXFileReference; lastKnownFileType = text.plist.xml; path = Info.plist; sourceTree = "<group>"; };
		619DED731FD8EEF900F6D9A1 /* main.m */ = {isa = PBXFileReference; lastKnownFileType = sourcecode.c.objc; path = main.m; sourceTree = "<group>"; };
		619DED791FD8EEFA00F6D9A1 /* czDemoTests.xctest */ = {isa = PBXFileReference; explicitFileType = wrapper.cfbundle; includeInIndex = 0; path = czDemoTests.xctest; sourceTree = BUILT_PRODUCTS_DIR; };
		619DED7D1FD8EEFA00F6D9A1 /* czDemoTests.m */ = {isa = PBXFileReference; lastKnownFileType = sourcecode.c.objc; path = czDemoTests.m; sourceTree = "<group>"; };
		619DED7F1FD8EEFA00F6D9A1 /* Info.plist */ = {isa = PBXFileReference; lastKnownFileType = text.plist.xml; path = Info.plist; sourceTree = "<group>"; };
		619DED841FD8EEFA00F6D9A1 /* czDemoUITests.xctest */ = {isa = PBXFileReference; explicitFileType = wrapper.cfbundle; includeInIndex = 0; path = czDemoUITests.xctest; sourceTree = BUILT_PRODUCTS_DIR; };
		619DED881FD8EEFA00F6D9A1 /* czDemoUITests.m */ = {isa = PBXFileReference; lastKnownFileType = sourcecode.c.objc; path = czDemoUITests.m; sourceTree = "<group>"; };
		619DED8A1FD8EEFA00F6D9A1 /* Info.plist */ = {isa = PBXFileReference; lastKnownFileType = text.plist.xml; path = Info.plist; sourceTree = "<group>"; };
		619DED961FD8EF9E00F6D9A1 /* GCDDemo.h */ = {isa = PBXFileReference; lastKnownFileType = sourcecode.c.h; path = GCDDemo.h; sourceTree = "<group>"; };
		619DED971FD8EF9E00F6D9A1 /* GCDDemo.m */ = {isa = PBXFileReference; lastKnownFileType = sourcecode.c.objc; path = GCDDemo.m; sourceTree = "<group>"; };
/* End PBXFileReference section */

/* Begin PBXFrameworksBuildPhase section */
		619DED5B1FD8EEF900F6D9A1 /* Frameworks */ = {
			isa = PBXFrameworksBuildPhase;
			buildActionMask = 2147483647;
			files = (
			);
			runOnlyForDeploymentPostprocessing = 0;
		};
		619DED761FD8EEFA00F6D9A1 /* Frameworks */ = {
			isa = PBXFrameworksBuildPhase;
			buildActionMask = 2147483647;
			files = (
			);
			runOnlyForDeploymentPostprocessing = 0;
		};
		619DED811FD8EEFA00F6D9A1 /* Frameworks */ = {
			isa = PBXFrameworksBuildPhase;
			buildActionMask = 2147483647;
			files = (
			);
			runOnlyForDeploymentPostprocessing = 0;
		};
/* End PBXFrameworksBuildPhase section */

/* Begin PBXGroup section */
		619DED551FD8EEF900F6D9A1 = {
			isa = PBXGroup;
			children = (
				619DED601FD8EEF900F6D9A1 /* czDemo */,
				619DED7C1FD8EEFA00F6D9A1 /* czDemoTests */,
				619DED871FD8EEFA00F6D9A1 /* czDemoUITests */,
				619DED5F1FD8EEF900F6D9A1 /* Products */,
			);
			sourceTree = "<group>";
		};
		619DED5F1FD8EEF900F6D9A1 /* Products */ = {
			isa = PBXGroup;
			children = (
				619DED5E1FD8EEF900F6D9A1 /* czDemo.app */,
				619DED791FD8EEFA00F6D9A1 /* czDemoTests.xctest */,
				619DED841FD8EEFA00F6D9A1 /* czDemoUITests.xctest */,
			);
			name = Products;
			sourceTree = "<group>";
		};
		619DED601FD8EEF900F6D9A1 /* czDemo */ = {
			isa = PBXGroup;
			children = (
				619DED611FD8EEF900F6D9A1 /* AppDelegate.h */,
				619DED621FD8EEF900F6D9A1 /* AppDelegate.m */,
				619DED641FD8EEF900F6D9A1 /* ViewController.h */,
				619DED651FD8EEF900F6D9A1 /* ViewController.m */,
				619DED961FD8EF9E00F6D9A1 /* GCDDemo.h */,
				619DED971FD8EF9E00F6D9A1 /* GCDDemo.m */,
				619DED671FD8EEF900F6D9A1 /* Main.storyboard */,
				619DED6D1FD8EEF900F6D9A1 /* Assets.xcassets */,
				619DED6F1FD8EEF900F6D9A1 /* LaunchScreen.storyboard */,
				619DED721FD8EEF900F6D9A1 /* Info.plist */,
				619DED731FD8EEF900F6D9A1 /* main.m */,
				619DED6A1FD8EEF900F6D9A1 /* czDemo.xcdatamodeld */,
			);
			path = czDemo;
			sourceTree = "<group>";
		};
		619DED7C1FD8EEFA00F6D9A1 /* czDemoTests */ = {
			isa = PBXGroup;
			children = (
				619DED7D1FD8EEFA00F6D9A1 /* czDemoTests.m */,
				619DED7F1FD8EEFA00F6D9A1 /* Info.plist */,
			);
			path = czDemoTests;
			sourceTree = "<group>";
		};
		619DED871FD8EEFA00F6D9A1 /* czDemoUITests */ = {
			isa = PBXGroup;
			children = (
				619DED881FD8EEFA00F6D9A1 /* czDemoUITests.m */,
				619DED8A1FD8EEFA00F6D9A1 /* Info.plist */,
			);
			path = czDemoUITests;
			sourceTree = "<group>";
		};
/* End PBXGroup section */

/* Begin PBXNativeTarget section */
		619DED5D1FD8EEF900F6D9A1 /* czDemo */ = {
			isa = PBXNativeTarget;
			buildConfigurationList = 619DED8D1FD8EEFA00F6D9A1 /* Build configuration list for PBXNativeTarget "czDemo" */;
			buildPhases = (
				619DED5A1FD8EEF900F6D9A1 /* Sources */,
				619DED5B1FD8EEF900F6D9A1 /* Frameworks */,
				619DED5C1FD8EEF900F6D9A1 /* Resources */,
			);
			buildRules = (
			);
			dependencies = (
			);
			name = czDemo;
			productName = czDemo;
			productReference = 619DED5E1FD8EEF900F6D9A1 /* czDemo.app */;
			productType = "com.apple.product-type.application";
		};
		619DED781FD8EEFA00F6D9A1 /* czDemoTests */ = {
			isa = PBXNativeTarget;
			buildConfigurationList = 619DED901FD8EEFA00F6D9A1 /* Build configuration list for PBXNativeTarget "czDemoTests" */;
			buildPhases = (
				619DED751FD8EEFA00F6D9A1 /* Sources */,
				619DED761FD8EEFA00F6D9A1 /* Frameworks */,
				619DED771FD8EEFA00F6D9A1 /* Resources */,
			);
			buildRules = (
			);
			dependencies = (
				619DED7B1FD8EEFA00F6D9A1 /* PBXTargetDependency */,
			);
			name = czDemoTests;
			productName = czDemoTests;
			productReference = 619DED791FD8EEFA00F6D9A1 /* czDemoTests.xctest */;
			productType = "com.apple.product-type.bundle.unit-test";
		};
		619DED831FD8EEFA00F6D9A1 /* czDemoUITests */ = {
			isa = PBXNativeTarget;
			buildConfigurationList = 619DED931FD8EEFA00F6D9A1 /* Build configuration list for PBXNativeTarget "czDemoUITests" */;
			buildPhases = (
				619DED801FD8EEFA00F6D9A1 /* Sources */,
				619DED811FD8EEFA00F6D9A1 /* Frameworks */,
				619DED821FD8EEFA00F6D9A1 /* Resources */,
			);
			buildRules = (
			);
			dependencies = (
				619DED861FD8EEFA00F6D9A1 /* PBXTargetDependency */,
			);
			name = czDemoUITests;
			productName = czDemoUITests;
			productReference = 619DED841FD8EEFA00F6D9A1 /* czDemoUITests.xctest */;
			productType = "com.apple.product-type.bundle.ui-testing";
		};
/* End PBXNativeTarget section */

/* Begin PBXProject section */
		619DED561FD8EEF900F6D9A1 /* Project object */ = {
			isa = PBXProject;
			attributes = {
				LastUpgradeCheck = 0920;
				ORGANIZATIONNAME = boosj;
				TargetAttributes = {
					619DED5D1FD8EEF900F6D9A1 = {
						CreatedOnToolsVersion = 9.2;
						ProvisioningStyle = Manual;
					};
					619DED781FD8EEFA00F6D9A1 = {
						CreatedOnToolsVersion = 9.2;
						ProvisioningStyle = Automatic;
						TestTargetID = 619DED5D1FD8EEF900F6D9A1;
					};
					619DED831FD8EEFA00F6D9A1 = {
						CreatedOnToolsVersion = 9.2;
						ProvisioningStyle = Automatic;
						TestTargetID = 619DED5D1FD8EEF900F6D9A1;
					};
				};
			};
			buildConfigurationList = 619DED591FD8EEF900F6D9A1 /* Build configuration list for PBXProject "czDemo" */;
			compatibilityVersion = "Xcode 8.0";
			developmentRegion = en;
			hasScannedForEncodings = 0;
			knownRegions = (
				en,
				Base,
			);
			mainGroup = 619DED551FD8EEF900F6D9A1;
			productRefGroup = 619DED5F1FD8EEF900F6D9A1 /* Products */;
			projectDirPath = "";
			projectRoot = "";
			targets = (
				619DED5D1FD8EEF900F6D9A1 /* czDemo */,
				619DED781FD8EEFA00F6D9A1 /* czDemoTests */,
				619DED831FD8EEFA00F6D9A1 /* czDemoUITests */,
			);
		};
/* End PBXProject section */

/* Begin PBXResourcesBuildPhase section */
		619DED5C1FD8EEF900F6D9A1 /* Resources */ = {
			isa = PBXResourcesBuildPhase;
			buildActionMask = 2147483647;
			files = (
				619DED711FD8EEF900F6D9A1 /* LaunchScreen.storyboard in Resources */,
				619DED6E1FD8EEF900F6D9A1 /* Assets.xcassets in Resources */,
				619DED691FD8EEF900F6D9A1 /* Main.storyboard in Resources */,
			);
			runOnlyForDeploymentPostprocessing = 0;
		};
		619DED771FD8EEFA00F6D9A1 /* Resources */ = {
			isa = PBXResourcesBuildPhase;
			buildActionMask = 2147483647;
			files = (
			);
			runOnlyForDeploymentPostprocessing = 0;
		};
		619DED821FD8EEFA00F6D9A1 /* Resources */ = {
			isa = PBXResourcesBuildPhase;
			buildActionMask = 2147483647;
			files = (
			);
			runOnlyForDeploymentPostprocessing = 0;
		};
/* End PBXResourcesBuildPhase section */

/* Begin PBXSourcesBuildPhase section */
		619DED5A1FD8EEF900F6D9A1 /* Sources */ = {
			isa = PBXSourcesBuildPhase;
			buildActionMask = 2147483647;
			files = (
				619DED6C1FD8EEF900F6D9A1 /* czDemo.xcdatamodeld in Sources */,
				619DED661FD8EEF900F6D9A1 /* ViewController.m in Sources */,
				619DED741FD8EEF900F6D9A1 /* main.m in Sources */,
				619DED981FD8EF9E00F6D9A1 /* GCDDemo.m in Sources */,
				619DED631FD8EEF900F6D9A1 /* AppDelegate.m in Sources */,
			);
			runOnlyForDeploymentPostprocessing = 0;
		};
		619DED751FD8EEFA00F6D9A1 /* Sources */ = {
			isa = PBXSourcesBuildPhase;
			buildActionMask = 2147483647;
			files = (
				619DED7E1FD8EEFA00F6D9A1 /* czDemoTests.m in Sources */,
			);
			runOnlyForDeploymentPostprocessing = 0;
		};
		619DED801FD8EEFA00F6D9A1 /* Sources */ = {
			isa = PBXSourcesBuildPhase;
			buildActionMask = 2147483647;
			files = (
				619DED891FD8EEFA00F6D9A1 /* czDemoUITests.m in Sources */,
			);
			runOnlyForDeploymentPostprocessing = 0;
		};
/* End PBXSourcesBuildPhase section */

/* Begin PBXTargetDependency section */
		619DED7B1FD8EEFA00F6D9A1 /* PBXTargetDependency */ = {
			isa = PBXTargetDependency;
			target = 619DED5D1FD8EEF900F6D9A1 /* czDemo */;
			targetProxy = 619DED7A1FD8EEFA00F6D9A1 /* PBXContainerItemProxy */;
		};
		619DED861FD8EEFA00F6D9A1 /* PBXTargetDependency */ = {
			isa = PBXTargetDependency;
			target = 619DED5D1FD8EEF900F6D9A1 /* czDemo */;
			targetProxy = 619DED851FD8EEFA00F6D9A1 /* PBXContainerItemProxy */;
		};
/* End PBXTargetDependency section */

/* Begin PBXVariantGroup section */
		619DED671FD8EEF900F6D9A1 /* Main.storyboard */ = {
			isa = PBXVariantGroup;
			children = (
				619DED681FD8EEF900F6D9A1 /* Base */,
			);
			name = Main.storyboard;
			sourceTree = "<group>";
		};
		619DED6F1FD8EEF900F6D9A1 /* LaunchScreen.storyboard */ = {
			isa = PBXVariantGroup;
			children = (
				619DED701FD8EEF900F6D9A1 /* Base */,
			);
			name = LaunchScreen.storyboard;
			sourceTree = "<group>";
		};
/* End PBXVariantGroup section */

/* Begin XCBuildConfiguration section */
		619DED8B1FD8EEFA00F6D9A1 /* Debug */ = {
			isa = XCBuildConfiguration;
			buildSettings = {
				ALWAYS_SEARCH_USER_PATHS = NO;
				CLANG_ANALYZER_NONNULL = YES;
				CLANG_ANALYZER_NUMBER_OBJECT_CONVERSION = YES_AGGRESSIVE;
				CLANG_CXX_LANGUAGE_STANDARD = "gnu++14";
				CLANG_CXX_LIBRARY = "libc++";
				CLANG_ENABLE_MODULES = YES;
				CLANG_ENABLE_OBJC_ARC = YES;
				CLANG_WARN_BLOCK_CAPTURE_AUTORELEASING = YES;
				CLANG_WARN_BOOL_CONVERSION = YES;
				CLANG_WARN_COMMA = YES;
				CLANG_WARN_CONSTANT_CONVERSION = YES;
				CLANG_WARN_DIRECT_OBJC_ISA_USAGE = YES_ERROR;
				CLANG_WARN_DOCUMENTATION_COMMENTS = YES;
				CLANG_WARN_EMPTY_BODY = YES;
				CLANG_WARN_ENUM_CONVERSION = YES;
				CLANG_WARN_INFINITE_RECURSION = YES;
				CLANG_WARN_INT_CONVERSION = YES;
				CLANG_WARN_NON_LITERAL_NULL_CONVERSION = YES;
				CLANG_WARN_OBJC_LITERAL_CONVERSION = YES;
				CLANG_WARN_OBJC_ROOT_CLASS = YES_ERROR;
				CLANG_WARN_RANGE_LOOP_ANALYSIS = YES;
				CLANG_WARN_STRICT_PROTOTYPES = YES;
				CLANG_WARN_SUSPICIOUS_MOVE = YES;
				CLANG_WARN_UNGUARDED_AVAILABILITY = YES_AGGRESSIVE;
				CLANG_WARN_UNREACHABLE_CODE = YES;
				CLANG_WARN__DUPLICATE_METHOD_MATCH = YES;
				CODE_SIGN_IDENTITY = "iPhone Developer";
				COPY_PHASE_STRIP = NO;
				DEBUG_INFORMATION_FORMAT = dwarf;
				ENABLE_STRICT_OBJC_MSGSEND = YES;
				ENABLE_TESTABILITY = YES;
				GCC_C_LANGUAGE_STANDARD = gnu11;
				GCC_DYNAMIC_NO_PIC = NO;
				GCC_NO_COMMON_BLOCKS = YES;
				GCC_OPTIMIZATION_LEVEL = 0;
				GCC_PREPROCESSOR_DEFINITIONS = (
					"DEBUG=1",
					"$(inherited)",
				);
				GCC_WARN_64_TO_32_BIT_CONVERSION = YES;
				GCC_WARN_ABOUT_RETURN_TYPE = YES_ERROR;
				GCC_WARN_UNDECLARED_SELECTOR = YES;
				GCC_WARN_UNINITIALIZED_AUTOS = YES_AGGRESSIVE;
				GCC_WARN_UNUSED_FUNCTION = YES;
				GCC_WARN_UNUSED_VARIABLE = YES;
				IPHONEOS_DEPLOYMENT_TARGET = 11.2;
				MTL_ENABLE_DEBUG_INFO = YES;
				ONLY_ACTIVE_ARCH = YES;
				SDKROOT = iphoneos;
			};
			name = Debug;
		};
		619DED8C1FD8EEFA00F6D9A1 /* Release */ = {
			isa = XCBuildConfiguration;
			buildSettings = {
				ALWAYS_SEARCH_USER_PATHS = NO;
				CLANG_ANALYZER_NONNULL = YES;
				CLANG_ANALYZER_NUMBER_OBJECT_CONVERSION = YES_AGGRESSIVE;
				CLANG_CXX_LANGUAGE_STANDARD = "gnu++14";
				CLANG_CXX_LIBRARY = "libc++";
				CLANG_ENABLE_MODULES = YES;
				CLANG_ENABLE_OBJC_ARC = YES;
				CLANG_WARN_BLOCK_CAPTURE_AUTORELEASING = YES;
				CLANG_WARN_BOOL_CONVERSION = YES;
				CLANG_WARN_COMMA = YES;
				CLANG_WARN_CONSTANT_CONVERSION = YES;
				CLANG_WARN_DIRECT_OBJC_ISA_USAGE = YES_ERROR;
				CLANG_WARN_DOCUMENTATION_COMMENTS = YES;
				CLANG_WARN_EMPTY_BODY = YES;
				CLANG_WARN_ENUM_CONVERSION = YES;
				CLANG_WARN_INFINITE_RECURSION = YES;
				CLANG_WARN_INT_CONVERSION = YES;
				CLANG_WARN_NON_LITERAL_NULL_CONVERSION = YES;
				CLANG_WARN_OBJC_LITERAL_CONVERSION = YES;
				CLANG_WARN_OBJC_ROOT_CLASS = YES_ERROR;
				CLANG_WARN_RANGE_LOOP_ANALYSIS = YES;
				CLANG_WARN_STRICT_PROTOTYPES = YES;
				CLANG_WARN_SUSPICIOUS_MOVE = YES;
				CLANG_WARN_UNGUARDED_AVAILABILITY = YES_AGGRESSIVE;
				CLANG_WARN_UNREACHABLE_CODE = YES;
				CLANG_WARN__DUPLICATE_METHOD_MATCH = YES;
				CODE_SIGN_IDENTITY = "iPhone Developer";
				COPY_PHASE_STRIP = NO;
				DEBUG_INFORMATION_FORMAT = "dwarf-with-dsym";
				ENABLE_NS_ASSERTIONS = NO;
				ENABLE_STRICT_OBJC_MSGSEND = YES;
				GCC_C_LANGUAGE_STANDARD = gnu11;
				GCC_NO_COMMON_BLOCKS = YES;
				GCC_WARN_64_TO_32_BIT_CONVERSION = YES;
				GCC_WARN_ABOUT_RETURN_TYPE = YES_ERROR;
				GCC_WARN_UNDECLARED_SELECTOR = YES;
				GCC_WARN_UNINITIALIZED_AUTOS = YES_AGGRESSIVE;
				GCC_WARN_UNUSED_FUNCTION = YES;
				GCC_WARN_UNUSED_VARIABLE = YES;
				IPHONEOS_DEPLOYMENT_TARGET = 11.2;
				MTL_ENABLE_DEBUG_INFO = NO;
				SDKROOT = iphoneos;
				VALIDATE_PRODUCT = YES;
			};
			name = Release;
		};
		619DED8E1FD8EEFA00F6D9A1 /* Debug */ = {
			isa = XCBuildConfiguration;
			buildSettings = {
				ASSETCATALOG_COMPILER_APPICON_NAME = AppIcon;
				CODE_SIGN_STYLE = Manual;
				DEVELOPMENT_TEAM = VZA4V5RJLK;
				INFOPLIST_FILE = czDemo/Info.plist;
				IPHONEOS_DEPLOYMENT_TARGET = 8.0;
				LD_RUNPATH_SEARCH_PATHS = "$(inherited) @executable_path/Frameworks";
				PRODUCT_BUNDLE_IDENTIFIER = data.chenzhao.czDemo;
				PRODUCT_NAME = "$(TARGET_NAME)";
				PROVISIONING_PROFILE = "e8718657-9753-4ed3-abc1-1049437162ef";
				PROVISIONING_PROFILE_SPECIFIER = "Xcode iOS Wildcard App ID *";
				TARGETED_DEVICE_FAMILY = "1,2";
			};
			name = Debug;
		};
		619DED8F1FD8EEFA00F6D9A1 /* Release */ = {
			isa = XCBuildConfiguration;
			buildSettings = {
				ASSETCATALOG_COMPILER_APPICON_NAME = AppIcon;
				CODE_SIGN_STYLE = Manual;
				DEVELOPMENT_TEAM = VZA4V5RJLK;
				INFOPLIST_FILE = czDemo/Info.plist;
				IPHONEOS_DEPLOYMENT_TARGET = 8.0;
				LD_RUNPATH_SEARCH_PATHS = "$(inherited) @executable_path/Frameworks";
				PRODUCT_BUNDLE_IDENTIFIER = data.chenzhao.czDemo;
				PRODUCT_NAME = "$(TARGET_NAME)";
				PROVISIONING_PROFILE = "e8718657-9753-4ed3-abc1-1049437162ef";
				PROVISIONING_PROFILE_SPECIFIER = "Xcode iOS Wildcard App ID *";
				TARGETED_DEVICE_FAMILY = "1,2";
			};
			name = Release;
		};
		619DED911FD8EEFA00F6D9A1 /* Debug */ = {
			isa = XCBuildConfiguration;
			buildSettings = {
				BUNDLE_LOADER = "$(TEST_HOST)";
				CODE_SIGN_STYLE = Automatic;
				INFOPLIST_FILE = czDemoTests/Info.plist;
				LD_RUNPATH_SEARCH_PATHS = "$(inherited) @executable_path/Frameworks @loader_path/Frameworks";
				PRODUCT_BUNDLE_IDENTIFIER = data.chenzhao.czDemoTests;
				PRODUCT_NAME = "$(TARGET_NAME)";
				TARGETED_DEVICE_FAMILY = "1,2";
				TEST_HOST = "$(BUILT_PRODUCTS_DIR)/czDemo.app/czDemo";
			};
			name = Debug;
		};
		619DED921FD8EEFA00F6D9A1 /* Release */ = {
			isa = XCBuildConfiguration;
			buildSettings = {
				BUNDLE_LOADER = "$(TEST_HOST)";
				CODE_SIGN_STYLE = Automatic;
				INFOPLIST_FILE = czDemoTests/Info.plist;
				LD_RUNPATH_SEARCH_PATHS = "$(inherited) @executable_path/Frameworks @loader_path/Frameworks";
				PRODUCT_BUNDLE_IDENTIFIER = data.chenzhao.czDemoTests;
				PRODUCT_NAME = "$(TARGET_NAME)";
				TARGETED_DEVICE_FAMILY = "1,2";
				TEST_HOST = "$(BUILT_PRODUCTS_DIR)/czDemo.app/czDemo";
			};
			name = Release;
		};
		619DED941FD8EEFA00F6D9A1 /* Debug */ = {
			isa = XCBuildConfiguration;
			buildSettings = {
				CODE_SIGN_STYLE = Automatic;
				INFOPLIST_FILE = czDemoUITests/Info.plist;
				LD_RUNPATH_SEARCH_PATHS = "$(inherited) @executable_path/Frameworks @loader_path/Frameworks";
				PRODUCT_BUNDLE_IDENTIFIER = data.chenzhao.czDemoUITests;
				PRODUCT_NAME = "$(TARGET_NAME)";
				TARGETED_DEVICE_FAMILY = "1,2";
				TEST_TARGET_NAME = czDemo;
			};
			name = Debug;
		};
		619DED951FD8EEFA00F6D9A1 /* Release */ = {
			isa = XCBuildConfiguration;
			buildSettings = {
				CODE_SIGN_STYLE = Automatic;
				INFOPLIST_FILE = czDemoUITests/Info.plist;
				LD_RUNPATH_SEARCH_PATHS = "$(inherited) @executable_path/Frameworks @loader_path/Frameworks";
				PRODUCT_BUNDLE_IDENTIFIER = data.chenzhao.czDemoUITests;
				PRODUCT_NAME = "$(TARGET_NAME)";
				TARGETED_DEVICE_FAMILY = "1,2";
				TEST_TARGET_NAME = czDemo;
			};
			name = Release;
		};
/* End XCBuildConfiguration section */

/* Begin XCConfigurationList section */
		619DED591FD8EEF900F6D9A1 /* Build configuration list for PBXProject "czDemo" */ = {
			isa = XCConfigurationList;
			buildConfigurations = (
				619DED8B1FD8EEFA00F6D9A1 /* Debug */,
				619DED8C1FD8EEFA00F6D9A1 /* Release */,
			);
			defaultConfigurationIsVisible = 0;
			defaultConfigurationName = Release;
		};
		619DED8D1FD8EEFA00F6D9A1 /* Build configuration list for PBXNativeTarget "czDemo" */ = {
			isa = XCConfigurationList;
			buildConfigurations = (
				619DED8E1FD8EEFA00F6D9A1 /* Debug */,
				619DED8F1FD8EEFA00F6D9A1 /* Release */,
			);
			defaultConfigurationIsVisible = 0;
			defaultConfigurationName = Release;
		};
		619DED901FD8EEFA00F6D9A1 /* Build configuration list for PBXNativeTarget "czDemoTests" */ = {
			isa = XCConfigurationList;
			buildConfigurations = (
				619DED911FD8EEFA00F6D9A1 /* Debug */,
				619DED921FD8EEFA00F6D9A1 /* Release */,
			);
			defaultConfigurationIsVisible = 0;
			defaultConfigurationName = Release;
		};
		619DED931FD8EEFA00F6D9A1 /* Build configuration list for PBXNativeTarget "czDemoUITests" */ = {
			isa = XCConfigurationList;
			buildConfigurations = (
				619DED941FD8EEFA00F6D9A1 /* Debug */,
				619DED951FD8EEFA00F6D9A1 /* Release */,
			);
			defaultConfigurationIsVisible = 0;
			defaultConfigurationName = Release;
		};
/* End XCConfigurationList section */

/* Begin XCVersionGroup section */
		619DED6A1FD8EEF900F6D9A1 /* czDemo.xcdatamodeld */ = {
			isa = XCVersionGroup;
			children = (
				619DED6B1FD8EEF900F6D9A1 /* czDemo.xcdatamodel */,
			);
			currentVersion = 619DED6B1FD8EEF900F6D9A1 /* czDemo.xcdatamodel */;
			path = czDemo.xcdatamodeld;
			sourceTree = "<group>";
			versionGroupType = wrapper.xcdatamodel;
		};
/* End XCVersionGroup section */
	};
	rootObject = 619DED561FD8EEF900F6D9A1 /* Project object */;
}
